// !$*UTF8*$!
{
	archiveVersion = 1;
	classes = {
	};
	objectVersion = 56;
	objects = {

/* Begin PBXBuildFile section */
		BE03136B2A83306E00432945 /* KeychainHelper.swift in Sources */ = {isa = PBXBuildFile; fileRef = BE03136A2A83306E00432945 /* KeychainHelper.swift */; };
		BED2FBCE2A83C4A000ACF6FC /* Constants.swift in Sources */ = {isa = PBXBuildFile; fileRef = BED2FBCD2A83C4A000ACF6FC /* Constants.swift */; };
		BED2FBD12A83C54800ACF6FC /* KeyboardShortcuts in Frameworks */ = {isa = PBXBuildFile; productRef = BED2FBD02A83C54800ACF6FC /* KeyboardShortcuts */; };
		BED2FBD32A848C1900ACF6FC /* Screens.swift in Sources */ = {isa = PBXBuildFile; fileRef = BED2FBD22A848C1900ACF6FC /* Screens.swift */; };
		BED2FBD52A855A8400ACF6FC /* AppState.swift in Sources */ = {isa = PBXBuildFile; fileRef = BED2FBD42A855A8400ACF6FC /* AppState.swift */; };
		BED2FBD72A8665C200ACF6FC /* HistoryScreen.swift in Sources */ = {isa = PBXBuildFile; fileRef = BED2FBD62A8665C200ACF6FC /* HistoryScreen.swift */; };
		BED2FBDD2A86AFBF00ACF6FC /* error.mp3 in Resources */ = {isa = PBXBuildFile; fileRef = BED2FBDC2A86AFBF00ACF6FC /* error.mp3 */; };
		BEECD96B2A81FB08000D6833 /* QuickScribeApp.swift in Sources */ = {isa = PBXBuildFile; fileRef = BEECD96A2A81FB08000D6833 /* QuickScribeApp.swift */; };
		BEECD96F2A81FB09000D6833 /* Assets.xcassets in Resources */ = {isa = PBXBuildFile; fileRef = BEECD96E2A81FB09000D6833 /* Assets.xcassets */; };
		BEECD9722A81FB09000D6833 /* Preview Assets.xcassets in Resources */ = {isa = PBXBuildFile; fileRef = BEECD9712A81FB09000D6833 /* Preview Assets.xcassets */; };
		BEECD9802A82955E000D6833 /* OpenAI in Frameworks */ = {isa = PBXBuildFile; productRef = BEECD97F2A82955E000D6833 /* OpenAI */; };
		BEECD9822A82A510000D6833 /* Recording.swift in Sources */ = {isa = PBXBuildFile; fileRef = BEECD9812A82A510000D6833 /* Recording.swift */; };
/* End PBXBuildFile section */

/* Begin PBXFileReference section */
		BE03136A2A83306E00432945 /* KeychainHelper.swift */ = {isa = PBXFileReference; lastKnownFileType = sourcecode.swift; path = KeychainHelper.swift; sourceTree = "<group>"; };
		BED2FBCD2A83C4A000ACF6FC /* Constants.swift */ = {isa = PBXFileReference; lastKnownFileType = sourcecode.swift; path = Constants.swift; sourceTree = "<group>"; };
		BED2FBD22A848C1900ACF6FC /* Screens.swift */ = {isa = PBXFileReference; lastKnownFileType = sourcecode.swift; path = Screens.swift; sourceTree = "<group>"; };
		BED2FBD42A855A8400ACF6FC /* AppState.swift */ = {isa = PBXFileReference; lastKnownFileType = sourcecode.swift; path = AppState.swift; sourceTree = "<group>"; };
		BED2FBD62A8665C200ACF6FC /* HistoryScreen.swift */ = {isa = PBXFileReference; lastKnownFileType = sourcecode.swift; path = HistoryScreen.swift; sourceTree = "<group>"; };
		BED2FBDC2A86AFBF00ACF6FC /* error.mp3 */ = {isa = PBXFileReference; lastKnownFileType = audio.mp3; path = error.mp3; sourceTree = "<group>"; };
		BEECD9672A81FB08000D6833 /* QuickScribe.app */ = {isa = PBXFileReference; explicitFileType = wrapper.application; includeInIndex = 0; path = QuickScribe.app; sourceTree = BUILT_PRODUCTS_DIR; };
		BEECD96A2A81FB08000D6833 /* QuickScribeApp.swift */ = {isa = PBXFileReference; lastKnownFileType = sourcecode.swift; path = QuickScribeApp.swift; sourceTree = "<group>"; };
		BEECD96E2A81FB09000D6833 /* Assets.xcassets */ = {isa = PBXFileReference; lastKnownFileType = folder.assetcatalog; path = Assets.xcassets; sourceTree = "<group>"; };
		BEECD9712A81FB09000D6833 /* Preview Assets.xcassets */ = {isa = PBXFileReference; lastKnownFileType = folder.assetcatalog; path = "Preview Assets.xcassets"; sourceTree = "<group>"; };
		BEECD9732A81FB09000D6833 /* QuickScribe.entitlements */ = {isa = PBXFileReference; lastKnownFileType = text.plist.entitlements; path = QuickScribe.entitlements; sourceTree = "<group>"; };
		BEECD9812A82A510000D6833 /* Recording.swift */ = {isa = PBXFileReference; lastKnownFileType = sourcecode.swift; path = Recording.swift; sourceTree = "<group>"; };
		BEECD9832A82DD8A000D6833 /* Info.plist */ = {isa = PBXFileReference; lastKnownFileType = text.plist; path = Info.plist; sourceTree = "<group>"; };
/* End PBXFileReference section */

/* Begin PBXFrameworksBuildPhase section */
		BEECD9642A81FB08000D6833 /* Frameworks */ = {
			isa = PBXFrameworksBuildPhase;
			buildActionMask = 2147483647;
			files = (
				BEECD9802A82955E000D6833 /* OpenAI in Frameworks */,
				BED2FBD12A83C54800ACF6FC /* KeyboardShortcuts in Frameworks */,
			);
			runOnlyForDeploymentPostprocessing = 0;
		};
/* End PBXFrameworksBuildPhase section */

/* Begin PBXGroup section */
		BEECD95E2A81FB08000D6833 = {
			isa = PBXGroup;
			children = (
				BEECD9692A81FB08000D6833 /* QuickScribe */,
				BEECD9682A81FB08000D6833 /* Products */,
			);
			sourceTree = "<group>";
		};
		BEECD9682A81FB08000D6833 /* Products */ = {
			isa = PBXGroup;
			children = (
				BEECD9672A81FB08000D6833 /* QuickScribe.app */,
			);
			name = Products;
			sourceTree = "<group>";
		};
		BEECD9692A81FB08000D6833 /* QuickScribe */ = {
			isa = PBXGroup;
			children = (
				BEECD9832A82DD8A000D6833 /* Info.plist */,
				BEECD96A2A81FB08000D6833 /* QuickScribeApp.swift */,
				BED2FBD42A855A8400ACF6FC /* AppState.swift */,
				BED2FBD22A848C1900ACF6FC /* Screens.swift */,
				BEECD9812A82A510000D6833 /* Recording.swift */,
				BE03136A2A83306E00432945 /* KeychainHelper.swift */,
				BEECD96E2A81FB09000D6833 /* Assets.xcassets */,
				BEECD9732A81FB09000D6833 /* QuickScribe.entitlements */,
				BED2FBD62A8665C200ACF6FC /* HistoryScreen.swift */,
				BED2FBCD2A83C4A000ACF6FC /* Constants.swift */,
				BED2FBDC2A86AFBF00ACF6FC /* error.mp3 */,
				BEECD9702A81FB09000D6833 /* Preview Content */,
			);
			path = QuickScribe;
			sourceTree = "<group>";
		};
		BEECD9702A81FB09000D6833 /* Preview Content */ = {
			isa = PBXGroup;
			children = (
				BEECD9712A81FB09000D6833 /* Preview Assets.xcassets */,
			);
			path = "Preview Content";
			sourceTree = "<group>";
		};
/* End PBXGroup section */

/* Begin PBXNativeTarget section */
		BEECD9662A81FB08000D6833 /* QuickScribe */ = {
			isa = PBXNativeTarget;
			buildConfigurationList = BEECD9762A81FB09000D6833 /* Build configuration list for PBXNativeTarget "QuickScribe" */;
			buildPhases = (
				BEECD9632A81FB08000D6833 /* Sources */,
				BEECD9642A81FB08000D6833 /* Frameworks */,
				BEECD9652A81FB08000D6833 /* Resources */,
			);
			buildRules = (
			);
			dependencies = (
			);
			name = QuickScribe;
			packageProductDependencies = (
				BEECD97F2A82955E000D6833 /* OpenAI */,
				BED2FBD02A83C54800ACF6FC /* KeyboardShortcuts */,
			);
			productName = QuickScribe;
			productReference = BEECD9672A81FB08000D6833 /* QuickScribe.app */;
			productType = "com.apple.product-type.application";
		};
/* End PBXNativeTarget section */

/* Begin PBXProject section */
		BEECD95F2A81FB08000D6833 /* Project object */ = {
			isa = PBXProject;
			attributes = {
				BuildIndependentTargetsInParallel = 1;
				LastSwiftUpdateCheck = 1430;
				LastUpgradeCheck = 1430;
				TargetAttributes = {
					BEECD9662A81FB08000D6833 = {
						CreatedOnToolsVersion = 14.3.1;
					};
				};
			};
			buildConfigurationList = BEECD9622A81FB08000D6833 /* Build configuration list for PBXProject "QuickScribe" */;
			compatibilityVersion = "Xcode 14.0";
			developmentRegion = en;
			hasScannedForEncodings = 0;
			knownRegions = (
				en,
				Base,
			);
			mainGroup = BEECD95E2A81FB08000D6833;
			packageReferences = (
				BEECD97B2A820D94000D6833 /* XCRemoteSwiftPackageReference "HotKey" */,
				BEECD97E2A82955E000D6833 /* XCRemoteSwiftPackageReference "OpenAI" */,
				BED2FBCF2A83C54800ACF6FC /* XCRemoteSwiftPackageReference "KeyboardShortcuts" */,
			);
			productRefGroup = BEECD9682A81FB08000D6833 /* Products */;
			projectDirPath = "";
			projectRoot = "";
			targets = (
				BEECD9662A81FB08000D6833 /* QuickScribe */,
			);
		};
/* End PBXProject section */

/* Begin PBXResourcesBuildPhase section */
		BEECD9652A81FB08000D6833 /* Resources */ = {
			isa = PBXResourcesBuildPhase;
			buildActionMask = 2147483647;
			files = (
				BEECD9722A81FB09000D6833 /* Preview Assets.xcassets in Resources */,
				BEECD96F2A81FB09000D6833 /* Assets.xcassets in Resources */,
				BED2FBDD2A86AFBF00ACF6FC /* error.mp3 in Resources */,
			);
			runOnlyForDeploymentPostprocessing = 0;
		};
/* End PBXResourcesBuildPhase section */

/* Begin PBXSourcesBuildPhase section */
		BEECD9632A81FB08000D6833 /* Sources */ = {
			isa = PBXSourcesBuildPhase;
			buildActionMask = 2147483647;
			files = (
				BEECD9822A82A510000D6833 /* Recording.swift in Sources */,
				BE03136B2A83306E00432945 /* KeychainHelper.swift in Sources */,
				BEECD96B2A81FB08000D6833 /* QuickScribeApp.swift in Sources */,
				BED2FBD52A855A8400ACF6FC /* AppState.swift in Sources */,
				BED2FBD32A848C1900ACF6FC /* Screens.swift in Sources */,
				BED2FBCE2A83C4A000ACF6FC /* Constants.swift in Sources */,
				BED2FBD72A8665C200ACF6FC /* HistoryScreen.swift in Sources */,
			);
			runOnlyForDeploymentPostprocessing = 0;
		};
/* End PBXSourcesBuildPhase section */

/* Begin XCBuildConfiguration section */
		BEECD9742A81FB09000D6833 /* Debug */ = {
			isa = XCBuildConfiguration;
			buildSettings = {
				ALWAYS_SEARCH_USER_PATHS = NO;
				CLANG_ANALYZER_NONNULL = YES;
				CLANG_ANALYZER_NUMBER_OBJECT_CONVERSION = YES_AGGRESSIVE;
				CLANG_CXX_LANGUAGE_STANDARD = "gnu++20";
				CLANG_ENABLE_MODULES = YES;
				CLANG_ENABLE_OBJC_ARC = YES;
				CLANG_ENABLE_OBJC_WEAK = YES;
				CLANG_WARN_BLOCK_CAPTURE_AUTORELEASING = YES;
				CLANG_WARN_BOOL_CONVERSION = YES;
				CLANG_WARN_COMMA = YES;
				CLANG_WARN_CONSTANT_CONVERSION = YES;
				CLANG_WARN_DEPRECATED_OBJC_IMPLEMENTATIONS = YES;
				CLANG_WARN_DIRECT_OBJC_ISA_USAGE = YES_ERROR;
				CLANG_WARN_DOCUMENTATION_COMMENTS = YES;
				CLANG_WARN_EMPTY_BODY = YES;
				CLANG_WARN_ENUM_CONVERSION = YES;
				CLANG_WARN_INFINITE_RECURSION = YES;
				CLANG_WARN_INT_CONVERSION = YES;
				CLANG_WARN_NON_LITERAL_NULL_CONVERSION = YES;
				CLANG_WARN_OBJC_IMPLICIT_RETAIN_SELF = YES;
				CLANG_WARN_OBJC_LITERAL_CONVERSION = YES;
				CLANG_WARN_OBJC_ROOT_CLASS = YES_ERROR;
				CLANG_WARN_QUOTED_INCLUDE_IN_FRAMEWORK_HEADER = YES;
				CLANG_WARN_RANGE_LOOP_ANALYSIS = YES;
				CLANG_WARN_STRICT_PROTOTYPES = YES;
				CLANG_WARN_SUSPICIOUS_MOVE = YES;
				CLANG_WARN_UNGUARDED_AVAILABILITY = YES_AGGRESSIVE;
				CLANG_WARN_UNREACHABLE_CODE = YES;
				CLANG_WARN__DUPLICATE_METHOD_MATCH = YES;
				COPY_PHASE_STRIP = NO;
				DEBUG_INFORMATION_FORMAT = dwarf;
				ENABLE_STRICT_OBJC_MSGSEND = YES;
				ENABLE_TESTABILITY = YES;
				GCC_C_LANGUAGE_STANDARD = gnu11;
				GCC_DYNAMIC_NO_PIC = NO;
				GCC_NO_COMMON_BLOCKS = YES;
				GCC_OPTIMIZATION_LEVEL = 0;
				GCC_PREPROCESSOR_DEFINITIONS = (
					"DEBUG=1",
					"$(inherited)",
				);
				GCC_WARN_64_TO_32_BIT_CONVERSION = YES;
				GCC_WARN_ABOUT_RETURN_TYPE = YES_ERROR;
				GCC_WARN_UNDECLARED_SELECTOR = YES;
				GCC_WARN_UNINITIALIZED_AUTOS = YES_AGGRESSIVE;
				GCC_WARN_UNUSED_FUNCTION = YES;
				GCC_WARN_UNUSED_VARIABLE = YES;
				MACOSX_DEPLOYMENT_TARGET = 13.3;
				MTL_ENABLE_DEBUG_INFO = INCLUDE_SOURCE;
				MTL_FAST_MATH = YES;
				ONLY_ACTIVE_ARCH = YES;
				SDKROOT = macosx;
				SWIFT_ACTIVE_COMPILATION_CONDITIONS = DEBUG;
				SWIFT_OPTIMIZATION_LEVEL = "-Onone";
			};
			name = Debug;
		};
		BEECD9752A81FB09000D6833 /* Release */ = {
			isa = XCBuildConfiguration;
			buildSettings = {
				ALWAYS_SEARCH_USER_PATHS = NO;
				CLANG_ANALYZER_NONNULL = YES;
				CLANG_ANALYZER_NUMBER_OBJECT_CONVERSION = YES_AGGRESSIVE;
				CLANG_CXX_LANGUAGE_STANDARD = "gnu++20";
				CLANG_ENABLE_MODULES = YES;
				CLANG_ENABLE_OBJC_ARC = YES;
				CLANG_ENABLE_OBJC_WEAK = YES;
				CLANG_WARN_BLOCK_CAPTURE_AUTORELEASING = YES;
				CLANG_WARN_BOOL_CONVERSION = YES;
				CLANG_WARN_COMMA = YES;
				CLANG_WARN_CONSTANT_CONVERSION = YES;
				CLANG_WARN_DEPRECATED_OBJC_IMPLEMENTATIONS = YES;
				CLANG_WARN_DIRECT_OBJC_ISA_USAGE = YES_ERROR;
				CLANG_WARN_DOCUMENTATION_COMMENTS = YES;
				CLANG_WARN_EMPTY_BODY = YES;
				CLANG_WARN_ENUM_CONVERSION = YES;
				CLANG_WARN_INFINITE_RECURSION = YES;
				CLANG_WARN_INT_CONVERSION = YES;
				CLANG_WARN_NON_LITERAL_NULL_CONVERSION = YES;
				CLANG_WARN_OBJC_IMPLICIT_RETAIN_SELF = YES;
				CLANG_WARN_OBJC_LITERAL_CONVERSION = YES;
				CLANG_WARN_OBJC_ROOT_CLASS = YES_ERROR;
				CLANG_WARN_QUOTED_INCLUDE_IN_FRAMEWORK_HEADER = YES;
				CLANG_WARN_RANGE_LOOP_ANALYSIS = YES;
				CLANG_WARN_STRICT_PROTOTYPES = YES;
				CLANG_WARN_SUSPICIOUS_MOVE = YES;
				CLANG_WARN_UNGUARDED_AVAILABILITY = YES_AGGRESSIVE;
				CLANG_WARN_UNREACHABLE_CODE = YES;
				CLANG_WARN__DUPLICATE_METHOD_MATCH = YES;
				COPY_PHASE_STRIP = NO;
				DEBUG_INFORMATION_FORMAT = "dwarf-with-dsym";
				ENABLE_NS_ASSERTIONS = NO;
				ENABLE_STRICT_OBJC_MSGSEND = YES;
				GCC_C_LANGUAGE_STANDARD = gnu11;
				GCC_NO_COMMON_BLOCKS = YES;
				GCC_WARN_64_TO_32_BIT_CONVERSION = YES;
				GCC_WARN_ABOUT_RETURN_TYPE = YES_ERROR;
				GCC_WARN_UNDECLARED_SELECTOR = YES;
				GCC_WARN_UNINITIALIZED_AUTOS = YES_AGGRESSIVE;
				GCC_WARN_UNUSED_FUNCTION = YES;
				GCC_WARN_UNUSED_VARIABLE = YES;
				MACOSX_DEPLOYMENT_TARGET = 13.3;
				MTL_ENABLE_DEBUG_INFO = NO;
				MTL_FAST_MATH = YES;
				SDKROOT = macosx;
				SWIFT_COMPILATION_MODE = wholemodule;
				SWIFT_OPTIMIZATION_LEVEL = "-O";
			};
			name = Release;
		};
		BEECD9772A81FB09000D6833 /* Debug */ = {
			isa = XCBuildConfiguration;
			buildSettings = {
				ASSETCATALOG_COMPILER_APPICON_NAME = AppIcon;
				ASSETCATALOG_COMPILER_GLOBAL_ACCENT_COLOR_NAME = AccentColor;
				ASSETCATALOG_COMPILER_INCLUDE_ALL_APPICON_ASSETS = YES;
				CODE_SIGN_ENTITLEMENTS = QuickScribe/QuickScribe.entitlements;
				"CODE_SIGN_IDENTITY[sdk=macosx*]" = "Apple Development";
				CODE_SIGN_STYLE = Automatic;
				COMBINE_HIDPI_IMAGES = YES;
				CURRENT_PROJECT_VERSION = 1;
				DEVELOPMENT_ASSET_PATHS = "\"QuickScribe/Preview Content\"";
				DEVELOPMENT_TEAM = 2FSZ2E5BXZ;
				ENABLE_HARDENED_RUNTIME = YES;
				ENABLE_PREVIEWS = YES;
				GENERATE_INFOPLIST_FILE = YES;
				INFOPLIST_FILE = QuickScribe/Info.plist;
				INFOPLIST_KEY_CFBundleDisplayName = "Quick Scribe";
				INFOPLIST_KEY_LSApplicationCategoryType = "public.app-category.productivity";
				INFOPLIST_KEY_LSUIElement = YES;
				INFOPLIST_KEY_NSHumanReadableCopyright = "";
				LD_RUNPATH_SEARCH_PATHS = (
					"$(inherited)",
					"@executable_path/../Frameworks",
				);
				MARKETING_VERSION = 1.0;
				PRODUCT_BUNDLE_IDENTIFIER = com.brevoort.QuickScribe;
				PRODUCT_NAME = "$(TARGET_NAME)";
				SWIFT_EMIT_LOC_STRINGS = YES;
				SWIFT_VERSION = 5.0;
			};
			name = Debug;
		};
		BEECD9782A81FB09000D6833 /* Release */ = {
			isa = XCBuildConfiguration;
			buildSettings = {
				ASSETCATALOG_COMPILER_APPICON_NAME = AppIcon;
				ASSETCATALOG_COMPILER_GLOBAL_ACCENT_COLOR_NAME = AccentColor;
				ASSETCATALOG_COMPILER_INCLUDE_ALL_APPICON_ASSETS = YES;
				CODE_SIGN_ENTITLEMENTS = QuickScribe/QuickScribe.entitlements;
				"CODE_SIGN_IDENTITY[sdk=macosx*]" = "Apple Development";
				CODE_SIGN_STYLE = Automatic;
				COMBINE_HIDPI_IMAGES = YES;
				CURRENT_PROJECT_VERSION = 1;
				DEVELOPMENT_ASSET_PATHS = "\"QuickScribe/Preview Content\"";
				DEVELOPMENT_TEAM = 2FSZ2E5BXZ;
				ENABLE_HARDENED_RUNTIME = YES;
				ENABLE_PREVIEWS = YES;
				GENERATE_INFOPLIST_FILE = YES;
				INFOPLIST_FILE = QuickScribe/Info.plist;
				INFOPLIST_KEY_CFBundleDisplayName = "Quick Scribe";
				INFOPLIST_KEY_LSApplicationCategoryType = "public.app-category.productivity";
				INFOPLIST_KEY_LSUIElement = YES;
				INFOPLIST_KEY_NSHumanReadableCopyright = "";
				LD_RUNPATH_SEARCH_PATHS = (
					"$(inherited)",
					"@executable_path/../Frameworks",
				);
				MARKETING_VERSION = 1.0;
				PRODUCT_BUNDLE_IDENTIFIER = com.brevoort.QuickScribe;
				PRODUCT_NAME = "$(TARGET_NAME)";
				SWIFT_EMIT_LOC_STRINGS = YES;
				SWIFT_VERSION = 5.0;
			};
			name = Release;
		};
/* End XCBuildConfiguration section */

/* Begin XCConfigurationList section */
		BEECD9622A81FB08000D6833 /* Build configuration list for PBXProject "QuickScribe" */ = {
			isa = XCConfigurationList;
			buildConfigurations = (
				BEECD9742A81FB09000D6833 /* Debug */,
				BEECD9752A81FB09000D6833 /* Release */,
			);
			defaultConfigurationIsVisible = 0;
			defaultConfigurationName = Release;
		};
		BEECD9762A81FB09000D6833 /* Build configuration list for PBXNativeTarget "QuickScribe" */ = {
			isa = XCConfigurationList;
			buildConfigurations = (
				BEECD9772A81FB09000D6833 /* Debug */,
				BEECD9782A81FB09000D6833 /* Release */,
			);
			defaultConfigurationIsVisible = 0;
			defaultConfigurationName = Release;
		};
/* End XCConfigurationList section */

/* Begin XCRemoteSwiftPackageReference section */
		BED2FBCF2A83C54800ACF6FC /* XCRemoteSwiftPackageReference "KeyboardShortcuts" */ = {
			isa = XCRemoteSwiftPackageReference;
			repositoryURL = "https://github.com/sindresorhus/KeyboardShortcuts";
			requirement = {
				kind = upToNextMajorVersion;
				minimumVersion = 1.0.0;
			};
		};
		BEECD97B2A820D94000D6833 /* XCRemoteSwiftPackageReference "HotKey" */ = {
			isa = XCRemoteSwiftPackageReference;
			repositoryURL = "https://github.com/soffes/HotKey";
			requirement = {
				branch = main;
				kind = branch;
			};
		};
		BEECD97E2A82955E000D6833 /* XCRemoteSwiftPackageReference "OpenAI" */ = {
			isa = XCRemoteSwiftPackageReference;
			repositoryURL = "https://github.com/MacPaw/OpenAI.git";
			requirement = {
				kind = upToNextMajorVersion;
				minimumVersion = 0.2.3;
			};
		};
/* End XCRemoteSwiftPackageReference section */

/* Begin XCSwiftPackageProductDependency section */
		BED2FBD02A83C54800ACF6FC /* KeyboardShortcuts */ = {
			isa = XCSwiftPackageProductDependency;
			package = BED2FBCF2A83C54800ACF6FC /* XCRemoteSwiftPackageReference "KeyboardShortcuts" */;
			productName = KeyboardShortcuts;
		};
		BEECD97F2A82955E000D6833 /* OpenAI */ = {
			isa = XCSwiftPackageProductDependency;
			package = BEECD97E2A82955E000D6833 /* XCRemoteSwiftPackageReference "OpenAI" */;
			productName = OpenAI;
		};
/* End XCSwiftPackageProductDependency section */
	};
	rootObject = BEECD95F2A81FB08000D6833 /* Project object */;
}
