// !$*UTF8*$!
{
	archiveVersion = 1;
	classes = {
	};
	objectVersion = 56;
	objects = {

/* Begin PBXBuildFile section */
		BE2B7EA32AA02AFD00EE17C4 /* TranscriptionModel.swift in Sources */ = {isa = PBXBuildFile; fileRef = BE2B7EA22AA02AFD00EE17C4 /* TranscriptionModel.swift */; };
		BE2B7EA52AA2924D00EE17C4 /* MenuViewModel.swift in Sources */ = {isa = PBXBuildFile; fileRef = BE2B7EA42AA2924D00EE17C4 /* MenuViewModel.swift */; };
		BE2B7EA72AA2A56D00EE17C4 /* Clipboard.swift in Sources */ = {isa = PBXBuildFile; fileRef = BE2B7EA62AA2A56D00EE17C4 /* Clipboard.swift */; };
		BE6AAAB32AA3F60C00C7B8A6 /* g-tone.mp3 in Resources */ = {isa = PBXBuildFile; fileRef = BE6AAAB12AA3F60C00C7B8A6 /* g-tone.mp3 */; };
		BE6AAAB42AA3F60C00C7B8A6 /* j-tone.mp3 in Resources */ = {isa = PBXBuildFile; fileRef = BE6AAAB22AA3F60C00C7B8A6 /* j-tone.mp3 */; };
		BE6AAAB72AAAE29B00C7B8A6 /* LaunchAtLogin in Frameworks */ = {isa = PBXBuildFile; productRef = BE6AAAB62AAAE29B00C7B8A6 /* LaunchAtLogin */; };
		BE934FC72A91C52E000B3841 /* MenuView.swift in Sources */ = {isa = PBXBuildFile; fileRef = BE934FC62A91C52E000B3841 /* MenuView.swift */; };
		BE934FCA2A928CF2000B3841 /* MenuBarExtraAccess in Frameworks */ = {isa = PBXBuildFile; productRef = BE934FC92A928CF2000B3841 /* MenuBarExtraAccess */; };
		BE934FCF2A94552D000B3841 /* AppDelegate.swift in Sources */ = {isa = PBXBuildFile; fileRef = BE934FCE2A94552D000B3841 /* AppDelegate.swift */; };
		BE934FF92A95391B000B3841 /* Mixpanel in Frameworks */ = {isa = PBXBuildFile; productRef = BE934FF82A95391B000B3841 /* Mixpanel */; };
		BE934FFF2A958BD6000B3841 /* EventTracking.swift in Sources */ = {isa = PBXBuildFile; fileRef = BE934FFE2A958BD6000B3841 /* EventTracking.swift */; };
		BE9350012A959A10000B3841 /* Obfuscator.swift in Sources */ = {isa = PBXBuildFile; fileRef = BE9350002A959A10000B3841 /* Obfuscator.swift */; };
		BE9350062A9BC8DF000B3841 /* SettingsView.swift in Sources */ = {isa = PBXBuildFile; fileRef = BE9350052A9BC8DF000B3841 /* SettingsView.swift */; };
		BE9350092A9EAB65000B3841 /* SettingsModel.swift in Sources */ = {isa = PBXBuildFile; fileRef = BE9350082A9EAB65000B3841 /* SettingsModel.swift */; };
		BE93500C2A9EAF0E000B3841 /* SettingsViewModel.swift in Sources */ = {isa = PBXBuildFile; fileRef = BE93500B2A9EAF0E000B3841 /* SettingsViewModel.swift */; };
		BED2FBCE2A83C4A000ACF6FC /* Constants.swift in Sources */ = {isa = PBXBuildFile; fileRef = BED2FBCD2A83C4A000ACF6FC /* Constants.swift */; };
		BED2FBD12A83C54800ACF6FC /* KeyboardShortcuts in Frameworks */ = {isa = PBXBuildFile; productRef = BED2FBD02A83C54800ACF6FC /* KeyboardShortcuts */; };
		BED2FBD72A8665C200ACF6FC /* HistoryView.swift in Sources */ = {isa = PBXBuildFile; fileRef = BED2FBD62A8665C200ACF6FC /* HistoryView.swift */; };
		BED2FBDD2A86AFBF00ACF6FC /* error.mp3 in Resources */ = {isa = PBXBuildFile; fileRef = BED2FBDC2A86AFBF00ACF6FC /* error.mp3 */; };
		BED2FBE02A89D01500ACF6FC /* AboutView.swift in Sources */ = {isa = PBXBuildFile; fileRef = BED2FBDF2A89D01500ACF6FC /* AboutView.swift */; };
		BED2FBE22A8ABB4A00ACF6FC /* HistoryState.swift in Sources */ = {isa = PBXBuildFile; fileRef = BED2FBE12A8ABB4A00ACF6FC /* HistoryState.swift */; };
		BED2FBEF2A8D4D1200ACF6FC /* SwiftWhisper in Frameworks */ = {isa = PBXBuildFile; productRef = BED2FBEE2A8D4D1200ACF6FC /* SwiftWhisper */; };
		BED2FBF12A8D4DDD00ACF6FC /* LocalTranscriptionModel.swift in Sources */ = {isa = PBXBuildFile; fileRef = BED2FBF02A8D4DDD00ACF6FC /* LocalTranscriptionModel.swift */; };
		BED2FBF72A8D50D600ACF6FC /* AudioKit in Frameworks */ = {isa = PBXBuildFile; productRef = BED2FBF62A8D50D600ACF6FC /* AudioKit */; };
		BED2FBFC2A8D682500ACF6FC /* ParkBenchTimer.swift in Sources */ = {isa = PBXBuildFile; fileRef = BED2FBFB2A8D682500ACF6FC /* ParkBenchTimer.swift */; };
		BED2FC022A8F0AAF00ACF6FC /* ok-beep.mp3 in Resources */ = {isa = PBXBuildFile; fileRef = BED2FC012A8F0AAF00ACF6FC /* ok-beep.mp3 */; };
		BED2FC042A8F0B7D00ACF6FC /* ping.mp3 in Resources */ = {isa = PBXBuildFile; fileRef = BED2FC032A8F0B7D00ACF6FC /* ping.mp3 */; };
		BEECD96B2A81FB08000D6833 /* App.swift in Sources */ = {isa = PBXBuildFile; fileRef = BEECD96A2A81FB08000D6833 /* App.swift */; };
		BEECD96F2A81FB09000D6833 /* Assets.xcassets in Resources */ = {isa = PBXBuildFile; fileRef = BEECD96E2A81FB09000D6833 /* Assets.xcassets */; };
		BEECD9722A81FB09000D6833 /* Preview Assets.xcassets in Resources */ = {isa = PBXBuildFile; fileRef = BEECD9712A81FB09000D6833 /* Preview Assets.xcassets */; };
		BEECD9802A82955E000D6833 /* OpenAI in Frameworks */ = {isa = PBXBuildFile; productRef = BEECD97F2A82955E000D6833 /* OpenAI */; };
		BEECD9822A82A510000D6833 /* RecordingModel.swift in Sources */ = {isa = PBXBuildFile; fileRef = BEECD9812A82A510000D6833 /* RecordingModel.swift */; };
/* End PBXBuildFile section */

/* Begin PBXFileReference section */
		BE2B7EA22AA02AFD00EE17C4 /* TranscriptionModel.swift */ = {isa = PBXFileReference; lastKnownFileType = sourcecode.swift; path = TranscriptionModel.swift; sourceTree = "<group>"; };
		BE2B7EA42AA2924D00EE17C4 /* MenuViewModel.swift */ = {isa = PBXFileReference; lastKnownFileType = sourcecode.swift; path = MenuViewModel.swift; sourceTree = "<group>"; };
		BE2B7EA62AA2A56D00EE17C4 /* Clipboard.swift */ = {isa = PBXFileReference; lastKnownFileType = sourcecode.swift; path = Clipboard.swift; sourceTree = "<group>"; };
		BE6AAAB12AA3F60C00C7B8A6 /* g-tone.mp3 */ = {isa = PBXFileReference; lastKnownFileType = audio.mp3; path = "g-tone.mp3"; sourceTree = "<group>"; };
		BE6AAAB22AA3F60C00C7B8A6 /* j-tone.mp3 */ = {isa = PBXFileReference; lastKnownFileType = audio.mp3; path = "j-tone.mp3"; sourceTree = "<group>"; };
		BE934FC62A91C52E000B3841 /* MenuView.swift */ = {isa = PBXFileReference; lastKnownFileType = sourcecode.swift; path = MenuView.swift; sourceTree = "<group>"; };
		BE934FCE2A94552D000B3841 /* AppDelegate.swift */ = {isa = PBXFileReference; lastKnownFileType = sourcecode.swift; path = AppDelegate.swift; sourceTree = "<group>"; };
		BE934FFB2A954152000B3841 /* Config.xcconfig */ = {isa = PBXFileReference; lastKnownFileType = text.xcconfig; path = Config.xcconfig; sourceTree = "<group>"; };
		BE934FFD2A9543D1000B3841 /* ci_pre_xcodebuild.sh */ = {isa = PBXFileReference; lastKnownFileType = text.script.sh; path = ci_pre_xcodebuild.sh; sourceTree = "<group>"; };
		BE934FFE2A958BD6000B3841 /* EventTracking.swift */ = {isa = PBXFileReference; lastKnownFileType = sourcecode.swift; path = EventTracking.swift; sourceTree = "<group>"; };
		BE9350002A959A10000B3841 /* Obfuscator.swift */ = {isa = PBXFileReference; lastKnownFileType = sourcecode.swift; path = Obfuscator.swift; sourceTree = "<group>"; };
		BE9350052A9BC8DF000B3841 /* SettingsView.swift */ = {isa = PBXFileReference; lastKnownFileType = sourcecode.swift; path = SettingsView.swift; sourceTree = "<group>"; };
		BE9350082A9EAB65000B3841 /* SettingsModel.swift */ = {isa = PBXFileReference; lastKnownFileType = sourcecode.swift; path = SettingsModel.swift; sourceTree = "<group>"; };
		BE93500B2A9EAF0E000B3841 /* SettingsViewModel.swift */ = {isa = PBXFileReference; lastKnownFileType = sourcecode.swift; path = SettingsViewModel.swift; sourceTree = "<group>"; };
		BED2FBCD2A83C4A000ACF6FC /* Constants.swift */ = {isa = PBXFileReference; lastKnownFileType = sourcecode.swift; path = Constants.swift; sourceTree = "<group>"; };
		BED2FBD62A8665C200ACF6FC /* HistoryView.swift */ = {isa = PBXFileReference; lastKnownFileType = sourcecode.swift; path = HistoryView.swift; sourceTree = "<group>"; };
		BED2FBDC2A86AFBF00ACF6FC /* error.mp3 */ = {isa = PBXFileReference; lastKnownFileType = audio.mp3; path = error.mp3; sourceTree = "<group>"; };
		BED2FBDF2A89D01500ACF6FC /* AboutView.swift */ = {isa = PBXFileReference; lastKnownFileType = sourcecode.swift; path = AboutView.swift; sourceTree = "<group>"; };
		BED2FBE12A8ABB4A00ACF6FC /* HistoryState.swift */ = {isa = PBXFileReference; lastKnownFileType = sourcecode.swift; path = HistoryState.swift; sourceTree = "<group>"; };
		BED2FBF02A8D4DDD00ACF6FC /* LocalTranscriptionModel.swift */ = {isa = PBXFileReference; lastKnownFileType = sourcecode.swift; path = LocalTranscriptionModel.swift; sourceTree = "<group>"; };
		BED2FBFB2A8D682500ACF6FC /* ParkBenchTimer.swift */ = {isa = PBXFileReference; lastKnownFileType = sourcecode.swift; path = ParkBenchTimer.swift; sourceTree = "<group>"; };
		BED2FC012A8F0AAF00ACF6FC /* ok-beep.mp3 */ = {isa = PBXFileReference; lastKnownFileType = audio.mp3; path = "ok-beep.mp3"; sourceTree = "<group>"; };
		BED2FC032A8F0B7D00ACF6FC /* ping.mp3 */ = {isa = PBXFileReference; lastKnownFileType = audio.mp3; path = ping.mp3; sourceTree = "<group>"; };
		BEECD9672A81FB08000D6833 /* SonicJot.app */ = {isa = PBXFileReference; explicitFileType = wrapper.application; includeInIndex = 0; path = SonicJot.app; sourceTree = BUILT_PRODUCTS_DIR; };
		BEECD96A2A81FB08000D6833 /* App.swift */ = {isa = PBXFileReference; lastKnownFileType = sourcecode.swift; path = App.swift; sourceTree = "<group>"; };
		BEECD96E2A81FB09000D6833 /* Assets.xcassets */ = {isa = PBXFileReference; lastKnownFileType = folder.assetcatalog; path = Assets.xcassets; sourceTree = "<group>"; };
		BEECD9712A81FB09000D6833 /* Preview Assets.xcassets */ = {isa = PBXFileReference; lastKnownFileType = folder.assetcatalog; path = "Preview Assets.xcassets"; sourceTree = "<group>"; };
		BEECD9732A81FB09000D6833 /* SonicJot.entitlements */ = {isa = PBXFileReference; lastKnownFileType = text.plist.entitlements; path = SonicJot.entitlements; sourceTree = "<group>"; };
		BEECD9812A82A510000D6833 /* RecordingModel.swift */ = {isa = PBXFileReference; lastKnownFileType = sourcecode.swift; path = RecordingModel.swift; sourceTree = "<group>"; };
		BEECD9832A82DD8A000D6833 /* Info.plist */ = {isa = PBXFileReference; lastKnownFileType = text.plist; path = Info.plist; sourceTree = "<group>"; };
/* End PBXFileReference section */

/* Begin PBXFrameworksBuildPhase section */
		BEECD9642A81FB08000D6833 /* Frameworks */ = {
			isa = PBXFrameworksBuildPhase;
			buildActionMask = 2147483647;
			files = (
				BE934FF92A95391B000B3841 /* Mixpanel in Frameworks */,
				BEECD9802A82955E000D6833 /* OpenAI in Frameworks */,
				BE6AAAB72AAAE29B00C7B8A6 /* LaunchAtLogin in Frameworks */,
				BED2FBF72A8D50D600ACF6FC /* AudioKit in Frameworks */,
				BED2FBD12A83C54800ACF6FC /* KeyboardShortcuts in Frameworks */,
				BE934FCA2A928CF2000B3841 /* MenuBarExtraAccess in Frameworks */,
				BED2FBEF2A8D4D1200ACF6FC /* SwiftWhisper in Frameworks */,
			);
			runOnlyForDeploymentPostprocessing = 0;
		};
/* End PBXFrameworksBuildPhase section */

/* Begin PBXGroup section */
		BE934FFC2A9543A1000B3841 /* ci_scripts */ = {
			isa = PBXGroup;
			children = (
				BE934FFD2A9543D1000B3841 /* ci_pre_xcodebuild.sh */,
			);
			path = ci_scripts;
			sourceTree = "<group>";
		};
		BE9350072A9EAB26000B3841 /* Models */ = {
			isa = PBXGroup;
			children = (
				BED2FBE12A8ABB4A00ACF6FC /* HistoryState.swift */,
				BEECD9812A82A510000D6833 /* RecordingModel.swift */,
				BE9350082A9EAB65000B3841 /* SettingsModel.swift */,
				BE2B7EA22AA02AFD00EE17C4 /* TranscriptionModel.swift */,
				BED2FBF02A8D4DDD00ACF6FC /* LocalTranscriptionModel.swift */,
			);
			path = Models;
			sourceTree = "<group>";
		};
		BE93500A2A9EAEDF000B3841 /* ViewModels */ = {
			isa = PBXGroup;
			children = (
				BE93500B2A9EAF0E000B3841 /* SettingsViewModel.swift */,
				BE2B7EA42AA2924D00EE17C4 /* MenuViewModel.swift */,
			);
			path = ViewModels;
			sourceTree = "<group>";
		};
		BED2FBDE2A89CFB800ACF6FC /* Views */ = {
			isa = PBXGroup;
			children = (
				BED2FBDF2A89D01500ACF6FC /* AboutView.swift */,
				BED2FBD62A8665C200ACF6FC /* HistoryView.swift */,
				BE934FC62A91C52E000B3841 /* MenuView.swift */,
				BE9350052A9BC8DF000B3841 /* SettingsView.swift */,
			);
			path = Views;
			sourceTree = "<group>";
		};
		BED2FBFA2A8D680B00ACF6FC /* util */ = {
			isa = PBXGroup;
			children = (
				BED2FBFB2A8D682500ACF6FC /* ParkBenchTimer.swift */,
				BE9350002A959A10000B3841 /* Obfuscator.swift */,
				BE2B7EA62AA2A56D00EE17C4 /* Clipboard.swift */,
			);
			path = util;
			sourceTree = "<group>";
		};
		BED2FBFF2A8F080B00ACF6FC /* Sounds */ = {
			isa = PBXGroup;
			children = (
				BE6AAAB12AA3F60C00C7B8A6 /* g-tone.mp3 */,
				BE6AAAB22AA3F60C00C7B8A6 /* j-tone.mp3 */,
				BED2FC012A8F0AAF00ACF6FC /* ok-beep.mp3 */,
				BED2FC032A8F0B7D00ACF6FC /* ping.mp3 */,
				BED2FBDC2A86AFBF00ACF6FC /* error.mp3 */,
			);
			path = Sounds;
			sourceTree = "<group>";
		};
		BEECD95E2A81FB08000D6833 = {
			isa = PBXGroup;
			children = (
				BE934FFC2A9543A1000B3841 /* ci_scripts */,
				BE934FFB2A954152000B3841 /* Config.xcconfig */,
				BEECD9692A81FB08000D6833 /* SonicJot */,
				BEECD9682A81FB08000D6833 /* Products */,
			);
			sourceTree = "<group>";
		};
		BEECD9682A81FB08000D6833 /* Products */ = {
			isa = PBXGroup;
			children = (
				BEECD9672A81FB08000D6833 /* SonicJot.app */,
			);
			name = Products;
			sourceTree = "<group>";
		};
		BEECD9692A81FB08000D6833 /* SonicJot */ = {
			isa = PBXGroup;
			children = (
				BE9350072A9EAB26000B3841 /* Models */,
				BE93500A2A9EAEDF000B3841 /* ViewModels */,
				BED2FBDE2A89CFB800ACF6FC /* Views */,
				BEECD96A2A81FB08000D6833 /* App.swift */,
				BE934FCE2A94552D000B3841 /* AppDelegate.swift */,
				BED2FBCD2A83C4A000ACF6FC /* Constants.swift */,
				BEECD9832A82DD8A000D6833 /* Info.plist */,
				BEECD96E2A81FB09000D6833 /* Assets.xcassets */,
				BEECD9702A81FB09000D6833 /* Preview Content */,
				BEECD9732A81FB09000D6833 /* SonicJot.entitlements */,
				BED2FBFF2A8F080B00ACF6FC /* Sounds */,
				BED2FBFA2A8D680B00ACF6FC /* util */,
				BE934FFE2A958BD6000B3841 /* EventTracking.swift */,
			);
			path = SonicJot;
			sourceTree = "<group>";
		};
		BEECD9702A81FB09000D6833 /* Preview Content */ = {
			isa = PBXGroup;
			children = (
				BEECD9712A81FB09000D6833 /* Preview Assets.xcassets */,
			);
			path = "Preview Content";
			sourceTree = "<group>";
		};
/* End PBXGroup section */

/* Begin PBXNativeTarget section */
		BEECD9662A81FB08000D6833 /* SonicJot */ = {
			isa = PBXNativeTarget;
			buildConfigurationList = BEECD9762A81FB09000D6833 /* Build configuration list for PBXNativeTarget "SonicJot" */;
			buildPhases = (
				BEECD9632A81FB08000D6833 /* Sources */,
				BEECD9642A81FB08000D6833 /* Frameworks */,
				BEECD9652A81FB08000D6833 /* Resources */,
			);
			buildRules = (
			);
			dependencies = (
			);
			name = SonicJot;
			packageProductDependencies = (
				BEECD97F2A82955E000D6833 /* OpenAI */,
				BED2FBD02A83C54800ACF6FC /* KeyboardShortcuts */,
				BED2FBEE2A8D4D1200ACF6FC /* SwiftWhisper */,
				BED2FBF62A8D50D600ACF6FC /* AudioKit */,
				BE934FC92A928CF2000B3841 /* MenuBarExtraAccess */,
				BE934FF82A95391B000B3841 /* Mixpanel */,
				BE6AAAB62AAAE29B00C7B8A6 /* LaunchAtLogin */,
			);
			productName = QuickScribe;
			productReference = BEECD9672A81FB08000D6833 /* SonicJot.app */;
			productType = "com.apple.product-type.application";
		};
/* End PBXNativeTarget section */

/* Begin PBXProject section */
		BEECD95F2A81FB08000D6833 /* Project object */ = {
			isa = PBXProject;
			attributes = {
				BuildIndependentTargetsInParallel = 1;
				LastSwiftUpdateCheck = 1430;
				LastUpgradeCheck = 1430;
				TargetAttributes = {
					BEECD9662A81FB08000D6833 = {
						CreatedOnToolsVersion = 14.3.1;
						LastSwiftMigration = 1430;
					};
				};
			};
			buildConfigurationList = BEECD9622A81FB08000D6833 /* Build configuration list for PBXProject "SonicJot" */;
			compatibilityVersion = "Xcode 14.0";
			developmentRegion = en;
			hasScannedForEncodings = 0;
			knownRegions = (
				en,
				Base,
			);
			mainGroup = BEECD95E2A81FB08000D6833;
			packageReferences = (
				BEECD97B2A820D94000D6833 /* XCRemoteSwiftPackageReference "HotKey" */,
				BEECD97E2A82955E000D6833 /* XCRemoteSwiftPackageReference "OpenAI" */,
				BED2FBCF2A83C54800ACF6FC /* XCRemoteSwiftPackageReference "KeyboardShortcuts" */,
				BED2FBED2A8D4D1200ACF6FC /* XCRemoteSwiftPackageReference "SwiftWhisper" */,
				BED2FBF52A8D50D600ACF6FC /* XCRemoteSwiftPackageReference "AudioKit" */,
				BE934FC82A928CF2000B3841 /* XCRemoteSwiftPackageReference "MenuBarExtraAccess" */,
				BE934FF72A95391B000B3841 /* XCRemoteSwiftPackageReference "mixpanel-swift" */,
				BE6AAAB52AAAE29B00C7B8A6 /* XCRemoteSwiftPackageReference "LaunchAtLogin-Modern" */,
			);
			productRefGroup = BEECD9682A81FB08000D6833 /* Products */;
			projectDirPath = "";
			projectRoot = "";
			targets = (
				BEECD9662A81FB08000D6833 /* SonicJot */,
			);
		};
/* End PBXProject section */

/* Begin PBXResourcesBuildPhase section */
		BEECD9652A81FB08000D6833 /* Resources */ = {
			isa = PBXResourcesBuildPhase;
			buildActionMask = 2147483647;
			files = (
				BED2FC022A8F0AAF00ACF6FC /* ok-beep.mp3 in Resources */,
				BED2FC042A8F0B7D00ACF6FC /* ping.mp3 in Resources */,
				BE6AAAB42AA3F60C00C7B8A6 /* j-tone.mp3 in Resources */,
				BE6AAAB32AA3F60C00C7B8A6 /* g-tone.mp3 in Resources */,
				BEECD9722A81FB09000D6833 /* Preview Assets.xcassets in Resources */,
				BEECD96F2A81FB09000D6833 /* Assets.xcassets in Resources */,
				BED2FBDD2A86AFBF00ACF6FC /* error.mp3 in Resources */,
			);
			runOnlyForDeploymentPostprocessing = 0;
		};
/* End PBXResourcesBuildPhase section */

/* Begin PBXSourcesBuildPhase section */
		BEECD9632A81FB08000D6833 /* Sources */ = {
			isa = PBXSourcesBuildPhase;
			buildActionMask = 2147483647;
			files = (
				BED2FBE22A8ABB4A00ACF6FC /* HistoryState.swift in Sources */,
				BE2B7EA72AA2A56D00EE17C4 /* Clipboard.swift in Sources */,
				BE9350092A9EAB65000B3841 /* SettingsModel.swift in Sources */,
				BE2B7EA52AA2924D00EE17C4 /* MenuViewModel.swift in Sources */,
				BEECD9822A82A510000D6833 /* RecordingModel.swift in Sources */,
				BE9350012A959A10000B3841 /* Obfuscator.swift in Sources */,
				BE934FCF2A94552D000B3841 /* AppDelegate.swift in Sources */,
				BED2FBE02A89D01500ACF6FC /* AboutView.swift in Sources */,
				BEECD96B2A81FB08000D6833 /* App.swift in Sources */,
				BE2B7EA32AA02AFD00EE17C4 /* TranscriptionModel.swift in Sources */,
				BE9350062A9BC8DF000B3841 /* SettingsView.swift in Sources */,
				BED2FBCE2A83C4A000ACF6FC /* Constants.swift in Sources */,
				BE934FC72A91C52E000B3841 /* MenuView.swift in Sources */,
				BE934FFF2A958BD6000B3841 /* EventTracking.swift in Sources */,
				BED2FBFC2A8D682500ACF6FC /* ParkBenchTimer.swift in Sources */,
				BED2FBF12A8D4DDD00ACF6FC /* LocalTranscriptionModel.swift in Sources */,
				BED2FBD72A8665C200ACF6FC /* HistoryView.swift in Sources */,
				BE93500C2A9EAF0E000B3841 /* SettingsViewModel.swift in Sources */,
			);
			runOnlyForDeploymentPostprocessing = 0;
		};
/* End PBXSourcesBuildPhase section */

/* Begin XCBuildConfiguration section */
		BEECD9742A81FB09000D6833 /* Debug */ = {
			isa = XCBuildConfiguration;
			baseConfigurationReference = BE934FFB2A954152000B3841 /* Config.xcconfig */;
			buildSettings = {
				ALWAYS_SEARCH_USER_PATHS = NO;
				CLANG_ANALYZER_NONNULL = YES;
				CLANG_ANALYZER_NUMBER_OBJECT_CONVERSION = YES_AGGRESSIVE;
				CLANG_CXX_LANGUAGE_STANDARD = "gnu++20";
				CLANG_ENABLE_MODULES = YES;
				CLANG_ENABLE_OBJC_ARC = YES;
				CLANG_ENABLE_OBJC_WEAK = YES;
				CLANG_WARN_BLOCK_CAPTURE_AUTORELEASING = YES;
				CLANG_WARN_BOOL_CONVERSION = YES;
				CLANG_WARN_COMMA = YES;
				CLANG_WARN_CONSTANT_CONVERSION = YES;
				CLANG_WARN_DEPRECATED_OBJC_IMPLEMENTATIONS = YES;
				CLANG_WARN_DIRECT_OBJC_ISA_USAGE = YES_ERROR;
				CLANG_WARN_DOCUMENTATION_COMMENTS = YES;
				CLANG_WARN_EMPTY_BODY = YES;
				CLANG_WARN_ENUM_CONVERSION = YES;
				CLANG_WARN_INFINITE_RECURSION = YES;
				CLANG_WARN_INT_CONVERSION = YES;
				CLANG_WARN_NON_LITERAL_NULL_CONVERSION = YES;
				CLANG_WARN_OBJC_IMPLICIT_RETAIN_SELF = YES;
				CLANG_WARN_OBJC_LITERAL_CONVERSION = YES;
				CLANG_WARN_OBJC_ROOT_CLASS = YES_ERROR;
				CLANG_WARN_QUOTED_INCLUDE_IN_FRAMEWORK_HEADER = YES;
				CLANG_WARN_RANGE_LOOP_ANALYSIS = YES;
				CLANG_WARN_STRICT_PROTOTYPES = YES;
				CLANG_WARN_SUSPICIOUS_MOVE = YES;
				CLANG_WARN_UNGUARDED_AVAILABILITY = YES_AGGRESSIVE;
				CLANG_WARN_UNREACHABLE_CODE = YES;
				CLANG_WARN__DUPLICATE_METHOD_MATCH = YES;
				COPY_PHASE_STRIP = NO;
				DEBUG_INFORMATION_FORMAT = dwarf;
				ENABLE_STRICT_OBJC_MSGSEND = YES;
				ENABLE_TESTABILITY = YES;
				GCC_C_LANGUAGE_STANDARD = gnu11;
				GCC_DYNAMIC_NO_PIC = NO;
				GCC_NO_COMMON_BLOCKS = YES;
				GCC_OPTIMIZATION_LEVEL = 0;
				GCC_PREPROCESSOR_DEFINITIONS = (
					"DEBUG=1",
					"$(inherited)",
				);
				GCC_WARN_64_TO_32_BIT_CONVERSION = YES;
				GCC_WARN_ABOUT_RETURN_TYPE = YES_ERROR;
				GCC_WARN_UNDECLARED_SELECTOR = YES;
				GCC_WARN_UNINITIALIZED_AUTOS = YES_AGGRESSIVE;
				GCC_WARN_UNUSED_FUNCTION = YES;
				GCC_WARN_UNUSED_VARIABLE = YES;
				MACOSX_DEPLOYMENT_TARGET = 13.3;
				MTL_ENABLE_DEBUG_INFO = INCLUDE_SOURCE;
				MTL_FAST_MATH = YES;
				ONLY_ACTIVE_ARCH = YES;
				SDKROOT = macosx;
				SWIFT_ACTIVE_COMPILATION_CONDITIONS = DEBUG;
				SWIFT_OPTIMIZATION_LEVEL = "-Onone";
			};
			name = Debug;
		};
		BEECD9752A81FB09000D6833 /* Release */ = {
			isa = XCBuildConfiguration;
			baseConfigurationReference = BE934FFB2A954152000B3841 /* Config.xcconfig */;
			buildSettings = {
				ALWAYS_SEARCH_USER_PATHS = NO;
				CLANG_ANALYZER_NONNULL = YES;
				CLANG_ANALYZER_NUMBER_OBJECT_CONVERSION = YES_AGGRESSIVE;
				CLANG_CXX_LANGUAGE_STANDARD = "gnu++20";
				CLANG_ENABLE_MODULES = YES;
				CLANG_ENABLE_OBJC_ARC = YES;
				CLANG_ENABLE_OBJC_WEAK = YES;
				CLANG_WARN_BLOCK_CAPTURE_AUTORELEASING = YES;
				CLANG_WARN_BOOL_CONVERSION = YES;
				CLANG_WARN_COMMA = YES;
				CLANG_WARN_CONSTANT_CONVERSION = YES;
				CLANG_WARN_DEPRECATED_OBJC_IMPLEMENTATIONS = YES;
				CLANG_WARN_DIRECT_OBJC_ISA_USAGE = YES_ERROR;
				CLANG_WARN_DOCUMENTATION_COMMENTS = YES;
				CLANG_WARN_EMPTY_BODY = YES;
				CLANG_WARN_ENUM_CONVERSION = YES;
				CLANG_WARN_INFINITE_RECURSION = YES;
				CLANG_WARN_INT_CONVERSION = YES;
				CLANG_WARN_NON_LITERAL_NULL_CONVERSION = YES;
				CLANG_WARN_OBJC_IMPLICIT_RETAIN_SELF = YES;
				CLANG_WARN_OBJC_LITERAL_CONVERSION = YES;
				CLANG_WARN_OBJC_ROOT_CLASS = YES_ERROR;
				CLANG_WARN_QUOTED_INCLUDE_IN_FRAMEWORK_HEADER = YES;
				CLANG_WARN_RANGE_LOOP_ANALYSIS = YES;
				CLANG_WARN_STRICT_PROTOTYPES = YES;
				CLANG_WARN_SUSPICIOUS_MOVE = YES;
				CLANG_WARN_UNGUARDED_AVAILABILITY = YES_AGGRESSIVE;
				CLANG_WARN_UNREACHABLE_CODE = YES;
				CLANG_WARN__DUPLICATE_METHOD_MATCH = YES;
				COPY_PHASE_STRIP = NO;
				DEBUG_INFORMATION_FORMAT = "dwarf-with-dsym";
				ENABLE_NS_ASSERTIONS = NO;
				ENABLE_STRICT_OBJC_MSGSEND = YES;
				GCC_C_LANGUAGE_STANDARD = gnu11;
				GCC_NO_COMMON_BLOCKS = YES;
				GCC_WARN_64_TO_32_BIT_CONVERSION = YES;
				GCC_WARN_ABOUT_RETURN_TYPE = YES_ERROR;
				GCC_WARN_UNDECLARED_SELECTOR = YES;
				GCC_WARN_UNINITIALIZED_AUTOS = YES_AGGRESSIVE;
				GCC_WARN_UNUSED_FUNCTION = YES;
				GCC_WARN_UNUSED_VARIABLE = YES;
				MACOSX_DEPLOYMENT_TARGET = 13.3;
				MTL_ENABLE_DEBUG_INFO = NO;
				MTL_FAST_MATH = YES;
				SDKROOT = macosx;
				SWIFT_COMPILATION_MODE = wholemodule;
				SWIFT_OPTIMIZATION_LEVEL = "-O";
			};
			name = Release;
		};
		BEECD9772A81FB09000D6833 /* Debug */ = {
			isa = XCBuildConfiguration;
			buildSettings = {
				ASSETCATALOG_COMPILER_APPICON_NAME = AppIcon;
				ASSETCATALOG_COMPILER_GLOBAL_ACCENT_COLOR_NAME = AccentColor;
				ASSETCATALOG_COMPILER_INCLUDE_ALL_APPICON_ASSETS = YES;
				CLANG_ENABLE_MODULES = YES;
				CODE_SIGN_ENTITLEMENTS = SonicJot/SonicJot.entitlements;
				"CODE_SIGN_IDENTITY[sdk=macosx*]" = "Apple Development";
				CODE_SIGN_STYLE = Automatic;
				COMBINE_HIDPI_IMAGES = YES;
				CURRENT_PROJECT_VERSION = 1;
				DEVELOPMENT_ASSET_PATHS = "\"SonicJot/Preview Content\"";
				DEVELOPMENT_TEAM = 2FSZ2E5BXZ;
				ENABLE_HARDENED_RUNTIME = YES;
				ENABLE_PREVIEWS = YES;
				GENERATE_INFOPLIST_FILE = YES;
				INFOPLIST_FILE = SonicJot/Info.plist;
				INFOPLIST_KEY_CFBundleDisplayName = SonicJot;
				INFOPLIST_KEY_LSApplicationCategoryType = "public.app-category.productivity";
				INFOPLIST_KEY_LSUIElement = YES;
				INFOPLIST_KEY_NSAppleEventsUsageDescription = "Need to write transcribed text to whatever app is in focus";
				INFOPLIST_KEY_NSHumanReadableCopyright = "";
				INFOPLIST_KEY_NSMicrophoneUsageDescription = "To transcribe audio";
				LD_RUNPATH_SEARCH_PATHS = (
					"$(inherited)",
					"@executable_path/../Frameworks",
				);
				MACOSX_DEPLOYMENT_TARGET = 13.0;
				MARKETING_VERSION = 0.1;
				PRODUCT_BUNDLE_IDENTIFIER = com.brevoort.SonicJot;
				PRODUCT_MODULE_NAME = "$(PRODUCT_NAME:c99extidentifier)";
				PRODUCT_NAME = "$(TARGET_NAME)";
				SWIFT_EMIT_LOC_STRINGS = YES;
				SWIFT_OPTIMIZATION_LEVEL = "-Onone";
				SWIFT_VERSION = 5.0;
			};
			name = Debug;
		};
		BEECD9782A81FB09000D6833 /* Release */ = {
			isa = XCBuildConfiguration;
			buildSettings = {
				ASSETCATALOG_COMPILER_APPICON_NAME = AppIcon;
				ASSETCATALOG_COMPILER_GLOBAL_ACCENT_COLOR_NAME = AccentColor;
				ASSETCATALOG_COMPILER_INCLUDE_ALL_APPICON_ASSETS = YES;
				CLANG_ENABLE_MODULES = YES;
				CODE_SIGN_ENTITLEMENTS = SonicJot/SonicJot.entitlements;
				"CODE_SIGN_IDENTITY[sdk=macosx*]" = "Apple Development";
				CODE_SIGN_STYLE = Automatic;
				COMBINE_HIDPI_IMAGES = YES;
				CURRENT_PROJECT_VERSION = 1;
				DEVELOPMENT_ASSET_PATHS = "\"SonicJot/Preview Content\"";
				DEVELOPMENT_TEAM = 2FSZ2E5BXZ;
				ENABLE_HARDENED_RUNTIME = YES;
				ENABLE_PREVIEWS = YES;
				GENERATE_INFOPLIST_FILE = YES;
				INFOPLIST_FILE = SonicJot/Info.plist;
				INFOPLIST_KEY_CFBundleDisplayName = SonicJot;
				INFOPLIST_KEY_LSApplicationCategoryType = "public.app-category.productivity";
				INFOPLIST_KEY_LSUIElement = YES;
				INFOPLIST_KEY_NSAppleEventsUsageDescription = "Need to write transcribed text to whatever app is in focus";
				INFOPLIST_KEY_NSHumanReadableCopyright = "";
				INFOPLIST_KEY_NSMicrophoneUsageDescription = "To transcribe audio";
				INSTALL_PATH = /Applications;
				LD_RUNPATH_SEARCH_PATHS = (
					"$(inherited)",
					"@executable_path/../Frameworks",
				);
				MACOSX_DEPLOYMENT_TARGET = 13.0;
				MARKETING_VERSION = 0.1;
				PRODUCT_BUNDLE_IDENTIFIER = com.brevoort.SonicJot;
				PRODUCT_MODULE_NAME = "$(PRODUCT_NAME:c99extidentifier)";
				PRODUCT_NAME = "$(TARGET_NAME)";
				SWIFT_EMIT_LOC_STRINGS = YES;
				SWIFT_VERSION = 5.0;
			};
			name = Release;
		};
/* End XCBuildConfiguration section */

/* Begin XCConfigurationList section */
		BEECD9622A81FB08000D6833 /* Build configuration list for PBXProject "SonicJot" */ = {
			isa = XCConfigurationList;
			buildConfigurations = (
				BEECD9742A81FB09000D6833 /* Debug */,
				BEECD9752A81FB09000D6833 /* Release */,
			);
			defaultConfigurationIsVisible = 0;
			defaultConfigurationName = Release;
		};
		BEECD9762A81FB09000D6833 /* Build configuration list for PBXNativeTarget "SonicJot" */ = {
			isa = XCConfigurationList;
			buildConfigurations = (
				BEECD9772A81FB09000D6833 /* Debug */,
				BEECD9782A81FB09000D6833 /* Release */,
			);
			defaultConfigurationIsVisible = 0;
			defaultConfigurationName = Release;
		};
/* End XCConfigurationList section */

/* Begin XCRemoteSwiftPackageReference section */
		BE6AAAB52AAAE29B00C7B8A6 /* XCRemoteSwiftPackageReference "LaunchAtLogin-Modern" */ = {
			isa = XCRemoteSwiftPackageReference;
			repositoryURL = "https://github.com/sindresorhus/LaunchAtLogin-Modern";
			requirement = {
				branch = main;
				kind = branch;
			};
		};
		BE934FC82A928CF2000B3841 /* XCRemoteSwiftPackageReference "MenuBarExtraAccess" */ = {
			isa = XCRemoteSwiftPackageReference;
			repositoryURL = "https://github.com/orchetect/MenuBarExtraAccess";
			requirement = {
				kind = upToNextMajorVersion;
				minimumVersion = 1.0.0;
			};
		};
		BE934FF72A95391B000B3841 /* XCRemoteSwiftPackageReference "mixpanel-swift" */ = {
			isa = XCRemoteSwiftPackageReference;
			repositoryURL = "https://github.com/mixpanel/mixpanel-swift";
			requirement = {
				branch = master;
				kind = branch;
			};
		};
		BED2FBCF2A83C54800ACF6FC /* XCRemoteSwiftPackageReference "KeyboardShortcuts" */ = {
			isa = XCRemoteSwiftPackageReference;
			repositoryURL = "https://github.com/sindresorhus/KeyboardShortcuts";
			requirement = {
				kind = upToNextMajorVersion;
				minimumVersion = 1.0.0;
			};
		};
		BED2FBED2A8D4D1200ACF6FC /* XCRemoteSwiftPackageReference "SwiftWhisper" */ = {
			isa = XCRemoteSwiftPackageReference;
			repositoryURL = "https://github.com/exPHAT/SwiftWhisper";
			requirement = {
				kind = upToNextMajorVersion;
				minimumVersion = 1.0.0;
			};
		};
		BED2FBF52A8D50D600ACF6FC /* XCRemoteSwiftPackageReference "AudioKit" */ = {
			isa = XCRemoteSwiftPackageReference;
			repositoryURL = "https://github.com/AudioKit/AudioKit";
			requirement = {
				kind = upToNextMajorVersion;
				minimumVersion = 5.0.0;
			};
		};
		BEECD97B2A820D94000D6833 /* XCRemoteSwiftPackageReference "HotKey" */ = {
			isa = XCRemoteSwiftPackageReference;
			repositoryURL = "https://github.com/soffes/HotKey";
			requirement = {
				branch = main;
				kind = branch;
			};
		};
		BEECD97E2A82955E000D6833 /* XCRemoteSwiftPackageReference "OpenAI" */ = {
			isa = XCRemoteSwiftPackageReference;
			repositoryURL = "https://github.com/MacPaw/OpenAI.git";
			requirement = {
				kind = upToNextMajorVersion;
				minimumVersion = 0.2.3;
			};
		};
/* End XCRemoteSwiftPackageReference section */

/* Begin XCSwiftPackageProductDependency section */
		BE6AAAB62AAAE29B00C7B8A6 /* LaunchAtLogin */ = {
			isa = XCSwiftPackageProductDependency;
			package = BE6AAAB52AAAE29B00C7B8A6 /* XCRemoteSwiftPackageReference "LaunchAtLogin-Modern" */;
			productName = LaunchAtLogin;
		};
		BE934FC92A928CF2000B3841 /* MenuBarExtraAccess */ = {
			isa = XCSwiftPackageProductDependency;
			package = BE934FC82A928CF2000B3841 /* XCRemoteSwiftPackageReference "MenuBarExtraAccess" */;
			productName = MenuBarExtraAccess;
		};
		BE934FF82A95391B000B3841 /* Mixpanel */ = {
			isa = XCSwiftPackageProductDependency;
			package = BE934FF72A95391B000B3841 /* XCRemoteSwiftPackageReference "mixpanel-swift" */;
			productName = Mixpanel;
		};
		BED2FBD02A83C54800ACF6FC /* KeyboardShortcuts */ = {
			isa = XCSwiftPackageProductDependency;
			package = BED2FBCF2A83C54800ACF6FC /* XCRemoteSwiftPackageReference "KeyboardShortcuts" */;
			productName = KeyboardShortcuts;
		};
		BED2FBEE2A8D4D1200ACF6FC /* SwiftWhisper */ = {
			isa = XCSwiftPackageProductDependency;
			package = BED2FBED2A8D4D1200ACF6FC /* XCRemoteSwiftPackageReference "SwiftWhisper" */;
			productName = SwiftWhisper;
		};
		BED2FBF62A8D50D600ACF6FC /* AudioKit */ = {
			isa = XCSwiftPackageProductDependency;
			package = BED2FBF52A8D50D600ACF6FC /* XCRemoteSwiftPackageReference "AudioKit" */;
			productName = AudioKit;
		};
		BEECD97F2A82955E000D6833 /* OpenAI */ = {
			isa = XCSwiftPackageProductDependency;
			package = BEECD97E2A82955E000D6833 /* XCRemoteSwiftPackageReference "OpenAI" */;
			productName = OpenAI;
		};
/* End XCSwiftPackageProductDependency section */
	};
	rootObject = BEECD95F2A81FB08000D6833 /* Project object */;
}
